// !$*UTF8*$!
{
	archiveVersion = 1;
	classes = {
	};
	objectVersion = 47;
	objects = {

/* Begin PBXBuildFile section */
		03063BAB191449A5006E1923 /* GameRulesViewController.m in Sources */ = {isa = PBXBuildFile; fileRef = 03063BAA191449A5006E1923 /* GameRulesViewController.m */; };
		03063BAE191449E0006E1923 /* ScoresTableViewController.m in Sources */ = {isa = PBXBuildFile; fileRef = 03063BAD191449E0006E1923 /* ScoresTableViewController.m */; };
		031C3E021910586C0065A986 /* sfx_die.mp3 in Resources */ = {isa = PBXBuildFile; fileRef = 031C3E011910586C0065A986 /* sfx_die.mp3 */; };
		031C3E04191058730065A986 /* sfx_hit.mp3 in Resources */ = {isa = PBXBuildFile; fileRef = 031C3E03191058730065A986 /* sfx_hit.mp3 */; };
		031C3E061910587E0065A986 /* sfx_point.mp3 in Resources */ = {isa = PBXBuildFile; fileRef = 031C3E051910587E0065A986 /* sfx_point.mp3 */; };
		031C3E08191058860065A986 /* sfx_wing.mp3 in Resources */ = {isa = PBXBuildFile; fileRef = 031C3E07191058860065A986 /* sfx_wing.mp3 */; };
		03342E29192711B5009C6A55 /* WordsScene.m in Sources */ = {isa = PBXBuildFile; fileRef = 03342E28192711B5009C6A55 /* WordsScene.m */; };
		038B28A71912BD720074D28F /* EndGameViewController.m in Sources */ = {isa = PBXBuildFile; fileRef = 038B28A61912BD720074D28F /* EndGameViewController.m */; };
		03B15DE11929BF6D00E7ADD8 /* SKScrollingNode.m in Sources */ = {isa = PBXBuildFile; fileRef = 03B15DE01929BF6D00E7ADD8 /* SKScrollingNode.m */; };
		03CBFCC2190644B90071BFA6 /* InfoPlist.strings in Resources */ = {isa = PBXBuildFile; fileRef = 03CBFCC0190644B90071BFA6 /* InfoPlist.strings */; };
		03CBFCCB190644B90071BFA6 /* Flappy_Typing_Test.xcdatamodeld in Sources */ = {isa = PBXBuildFile; fileRef = 03CBFCC9190644B90071BFA6 /* Flappy_Typing_Test.xcdatamodeld */; };
		03CBFCCD190644B90071BFA6 /* Images.xcassets in Resources */ = {isa = PBXBuildFile; fileRef = 03CBFCCC190644B90071BFA6 /* Images.xcassets */; };
		03CBFCEF190645550071BFA6 /* FlappyTypeGameViewController.m in Sources */ = {isa = PBXBuildFile; fileRef = 03CBFCEE190645550071BFA6 /* FlappyTypeGameViewController.m */; };
		03CBFCF319064AD60071BFA6 /* TextComparison.m in Sources */ = {isa = PBXBuildFile; fileRef = 03CBFCF219064AD60071BFA6 /* TextComparison.m */; };
		03DA8E85190A00EE00C7CC55 /* 04B_19__.TTF in Resources */ = {isa = PBXBuildFile; fileRef = 03DA8E84190A00EE00C7CC55 /* 04B_19__.TTF */; };
		03DA8E88190B47E100C7CC55 /* initialViewController.m in Sources */ = {isa = PBXBuildFile; fileRef = 03DA8E87190B47E100C7CC55 /* initialViewController.m */; };
		03FF6D66193D748D00CD9B9D /* iPhoneGameScene.m in Sources */ = {isa = PBXBuildFile; fileRef = 03FF6D65193D748D00CD9B9D /* iPhoneGameScene.m */; };
		670C71621C08D6B500F68E62 /* Statistic+CoreDataProperties.swift in Sources */ = {isa = PBXBuildFile; fileRef = 670C715E1C08D6B500F68E62 /* Statistic+CoreDataProperties.swift */; };
		670C71631C08D6B500F68E62 /* Statistic.swift in Sources */ = {isa = PBXBuildFile; fileRef = 670C715F1C08D6B500F68E62 /* Statistic.swift */; };
		670C71641C08D6B500F68E62 /* Game+CoreDataProperties.swift in Sources */ = {isa = PBXBuildFile; fileRef = 670C71601C08D6B500F68E62 /* Game+CoreDataProperties.swift */; };
		670C71651C08D6B500F68E62 /* Game.swift in Sources */ = {isa = PBXBuildFile; fileRef = 670C71611C08D6B500F68E62 /* Game.swift */; };
		672EFD6D1C10A1D700E7E463 /* GameStatsDetailTableViewController.swift in Sources */ = {isa = PBXBuildFile; fileRef = 672EFD6C1C10A1D700E7E463 /* GameStatsDetailTableViewController.swift */; };
		6741FFC11C07AA3D004F3950 /* TextGameEngine.swift in Sources */ = {isa = PBXBuildFile; fileRef = 6741FFC01C07AA3D004F3950 /* TextGameEngine.swift */; };
		6741FFC51C07CDCC004F3950 /* GameStatsViewController.swift in Sources */ = {isa = PBXBuildFile; fileRef = 6741FFC41C07CDCC004F3950 /* GameStatsViewController.swift */; };
		679AFB2E1C041BE8000355BF /* SKScrollingNode.swift in Sources */ = {isa = PBXBuildFile; fileRef = 679AFB2D1C041BE8000355BF /* SKScrollingNode.swift */; };
		679CFC691C03E4380092460C /* InitialViewController.swift in Sources */ = {isa = PBXBuildFile; fileRef = 679CFC681C03E4380092460C /* InitialViewController.swift */; };
		679CFC6B1C03E60C0092460C /* ApplicationDefinitions.swift in Sources */ = {isa = PBXBuildFile; fileRef = 679CFC6A1C03E60C0092460C /* ApplicationDefinitions.swift */; };
		679CFC6E1C03ECFE0092460C /* AppDelegate.swift in Sources */ = {isa = PBXBuildFile; fileRef = 679CFC6C1C03ECD40092460C /* AppDelegate.swift */; };
		679CFC701C03EDFA0092460C /* Launch Screen.storyboard in Resources */ = {isa = PBXBuildFile; fileRef = 679CFC6F1C03EDFA0092460C /* Launch Screen.storyboard */; };
		679CFCAE1C03EFB50092460C /* iAd.framework in Frameworks */ = {isa = PBXBuildFile; fileRef = 038B28A31912BD280074D28F /* iAd.framework */; };
		679CFCB01C03EFEE0092460C /* InitialViewSKScene.swift in Sources */ = {isa = PBXBuildFile; fileRef = 679CFCAF1C03EFEE0092460C /* InitialViewSKScene.swift */; };
		67A84A581C054BBF00D14418 /* TextGameModel.swift in Sources */ = {isa = PBXBuildFile; fileRef = 67A84A571C054BBF00D14418 /* TextGameModel.swift */; };
		67B352AD1C04C44C00353095 /* GameViewController.swift in Sources */ = {isa = PBXBuildFile; fileRef = 67B352AC1C04C44C00353095 /* GameViewController.swift */; };
		67E38E381BF4467100B1F47A /* Main.storyboard in Resources */ = {isa = PBXBuildFile; fileRef = 67E38E371BF4467100B1F47A /* Main.storyboard */; };
/* End PBXBuildFile section */

/* Begin PBXFileReference section */
		03063BA9191449A5006E1923 /* GameRulesViewController.h */ = {isa = PBXFileReference; fileEncoding = 4; lastKnownFileType = sourcecode.c.h; name = GameRulesViewController.h; path = "View Controllers/GameRulesViewController.h"; sourceTree = "<group>"; };
		03063BAA191449A5006E1923 /* GameRulesViewController.m */ = {isa = PBXFileReference; fileEncoding = 4; lastKnownFileType = sourcecode.c.objc; name = GameRulesViewController.m; path = "View Controllers/GameRulesViewController.m"; sourceTree = "<group>"; };
		03063BAC191449E0006E1923 /* ScoresTableViewController.h */ = {isa = PBXFileReference; fileEncoding = 4; lastKnownFileType = sourcecode.c.h; name = ScoresTableViewController.h; path = "View Controllers/ScoresTableViewController.h"; sourceTree = "<group>"; };
		03063BAD191449E0006E1923 /* ScoresTableViewController.m */ = {isa = PBXFileReference; fileEncoding = 4; lastKnownFileType = sourcecode.c.objc; name = ScoresTableViewController.m; path = "View Controllers/ScoresTableViewController.m"; sourceTree = "<group>"; };
		031C3E011910586C0065A986 /* sfx_die.mp3 */ = {isa = PBXFileReference; lastKnownFileType = audio.mp3; path = sfx_die.mp3; sourceTree = "<group>"; };
		031C3E03191058730065A986 /* sfx_hit.mp3 */ = {isa = PBXFileReference; lastKnownFileType = audio.mp3; path = sfx_hit.mp3; sourceTree = "<group>"; };
		031C3E051910587E0065A986 /* sfx_point.mp3 */ = {isa = PBXFileReference; lastKnownFileType = audio.mp3; path = sfx_point.mp3; sourceTree = "<group>"; };
		031C3E07191058860065A986 /* sfx_wing.mp3 */ = {isa = PBXFileReference; lastKnownFileType = audio.mp3; path = sfx_wing.mp3; sourceTree = "<group>"; };
		03342E27192711B5009C6A55 /* WordsScene.h */ = {isa = PBXFileReference; fileEncoding = 4; lastKnownFileType = sourcecode.c.h; name = WordsScene.h; path = Model/WordsScene.h; sourceTree = "<group>"; };
		03342E28192711B5009C6A55 /* WordsScene.m */ = {isa = PBXFileReference; fileEncoding = 4; lastKnownFileType = sourcecode.c.objc; name = WordsScene.m; path = Model/WordsScene.m; sourceTree = "<group>"; };
		038B28A31912BD280074D28F /* iAd.framework */ = {isa = PBXFileReference; lastKnownFileType = wrapper.framework; name = iAd.framework; path = System/Library/Frameworks/iAd.framework; sourceTree = SDKROOT; };
		038B28A51912BD720074D28F /* EndGameViewController.h */ = {isa = PBXFileReference; fileEncoding = 4; lastKnownFileType = sourcecode.c.h; path = EndGameViewController.h; sourceTree = "<group>"; };
		038B28A61912BD720074D28F /* EndGameViewController.m */ = {isa = PBXFileReference; fileEncoding = 4; lastKnownFileType = sourcecode.c.objc; path = EndGameViewController.m; sourceTree = "<group>"; };
		03B15DDF1929BF6D00E7ADD8 /* SKScrollingNode.h */ = {isa = PBXFileReference; fileEncoding = 4; lastKnownFileType = sourcecode.c.h; name = SKScrollingNode.h; path = SKScene/SKScrollingNode.h; sourceTree = "<group>"; };
		03B15DE01929BF6D00E7ADD8 /* SKScrollingNode.m */ = {isa = PBXFileReference; fileEncoding = 4; lastKnownFileType = sourcecode.c.objc; name = SKScrollingNode.m; path = SKScene/SKScrollingNode.m; sourceTree = "<group>"; };
		03CBFCB2190644B90071BFA6 /* Flappy Typing Test.app */ = {isa = PBXFileReference; explicitFileType = wrapper.application; includeInIndex = 0; path = "Flappy Typing Test.app"; sourceTree = BUILT_PRODUCTS_DIR; };
		03CBFCBF190644B90071BFA6 /* Flappy Typing Test-Info.plist */ = {isa = PBXFileReference; lastKnownFileType = text.plist.xml; path = "Flappy Typing Test-Info.plist"; sourceTree = "<group>"; };
		03CBFCC1190644B90071BFA6 /* en */ = {isa = PBXFileReference; lastKnownFileType = text.plist.strings; name = en; path = en.lproj/InfoPlist.strings; sourceTree = "<group>"; };
		03CBFCC5190644B90071BFA6 /* Flappy Typing Test-Prefix.pch */ = {isa = PBXFileReference; lastKnownFileType = sourcecode.c.h; path = "Flappy Typing Test-Prefix.pch"; sourceTree = "<group>"; };
		03CBFCC6190644B90071BFA6 /* FlappyTypeAppDelegate.h */ = {isa = PBXFileReference; lastKnownFileType = sourcecode.c.h; path = FlappyTypeAppDelegate.h; sourceTree = "<group>"; };
		03CBFCC7190644B90071BFA6 /* FlappyTypeAppDelegate.m */ = {isa = PBXFileReference; lastKnownFileType = sourcecode.c.objc; path = FlappyTypeAppDelegate.m; sourceTree = "<group>"; };
		03CBFCCA190644B90071BFA6 /* Flappy_Typing_Test.xcdatamodel */ = {isa = PBXFileReference; lastKnownFileType = wrapper.xcdatamodel; path = Flappy_Typing_Test.xcdatamodel; sourceTree = "<group>"; };
		03CBFCCC190644B90071BFA6 /* Images.xcassets */ = {isa = PBXFileReference; lastKnownFileType = folder.assetcatalog; path = Images.xcassets; sourceTree = "<group>"; };
		03CBFCEA1906450C0071BFA6 /* iPhone_Main.storyboard */ = {isa = PBXFileReference; fileEncoding = 4; lastKnownFileType = file.storyboard; name = iPhone_Main.storyboard; path = Storyboards/iPhone_Main.storyboard; sourceTree = "<group>"; };
		03CBFCED190645550071BFA6 /* FlappyTypeGameViewController.h */ = {isa = PBXFileReference; fileEncoding = 4; lastKnownFileType = sourcecode.c.h; name = FlappyTypeGameViewController.h; path = "View Controllers/FlappyTypeGameViewController.h"; sourceTree = "<group>"; };
		03CBFCEE190645550071BFA6 /* FlappyTypeGameViewController.m */ = {isa = PBXFileReference; fileEncoding = 4; lastKnownFileType = sourcecode.c.objc; name = FlappyTypeGameViewController.m; path = "View Controllers/FlappyTypeGameViewController.m"; sourceTree = "<group>"; };
		03CBFCF119064AD50071BFA6 /* TextComparison.h */ = {isa = PBXFileReference; fileEncoding = 4; lastKnownFileType = sourcecode.c.h; name = TextComparison.h; path = Model/TextComparison.h; sourceTree = "<group>"; };
		03CBFCF219064AD60071BFA6 /* TextComparison.m */ = {isa = PBXFileReference; fileEncoding = 4; lastKnownFileType = sourcecode.c.objc; name = TextComparison.m; path = Model/TextComparison.m; sourceTree = "<group>"; };
		03DA8E84190A00EE00C7CC55 /* 04B_19__.TTF */ = {isa = PBXFileReference; lastKnownFileType = file; path = 04B_19__.TTF; sourceTree = "<group>"; };
		03DA8E86190B47E100C7CC55 /* initialViewController.h */ = {isa = PBXFileReference; fileEncoding = 4; lastKnownFileType = sourcecode.c.h; name = initialViewController.h; path = "View Controllers/initialViewController.h"; sourceTree = "<group>"; };
		03DA8E87190B47E100C7CC55 /* initialViewController.m */ = {isa = PBXFileReference; fileEncoding = 4; lastKnownFileType = sourcecode.c.objc; name = initialViewController.m; path = "View Controllers/initialViewController.m"; sourceTree = "<group>"; };
		03EC815E19229AA900B7BB58 /* iPad.storyboard */ = {isa = PBXFileReference; fileEncoding = 4; lastKnownFileType = file.storyboard; name = iPad.storyboard; path = Storyboards/iPad.storyboard; sourceTree = "<group>"; };
		03FF6D64193D748D00CD9B9D /* iPhoneGameScene.h */ = {isa = PBXFileReference; fileEncoding = 4; lastKnownFileType = sourcecode.c.h; name = iPhoneGameScene.h; path = SKScene/iPhoneGameScene.h; sourceTree = "<group>"; };
		03FF6D65193D748D00CD9B9D /* iPhoneGameScene.m */ = {isa = PBXFileReference; fileEncoding = 4; lastKnownFileType = sourcecode.c.objc; name = iPhoneGameScene.m; path = SKScene/iPhoneGameScene.m; sourceTree = "<group>"; };
		670C715E1C08D6B500F68E62 /* Statistic+CoreDataProperties.swift */ = {isa = PBXFileReference; fileEncoding = 4; lastKnownFileType = sourcecode.swift; path = "Statistic+CoreDataProperties.swift"; sourceTree = "<group>"; };
		670C715F1C08D6B500F68E62 /* Statistic.swift */ = {isa = PBXFileReference; fileEncoding = 4; lastKnownFileType = sourcecode.swift; path = Statistic.swift; sourceTree = "<group>"; };
		670C71601C08D6B500F68E62 /* Game+CoreDataProperties.swift */ = {isa = PBXFileReference; fileEncoding = 4; lastKnownFileType = sourcecode.swift; path = "Game+CoreDataProperties.swift"; sourceTree = "<group>"; };
		670C71611C08D6B500F68E62 /* Game.swift */ = {isa = PBXFileReference; fileEncoding = 4; lastKnownFileType = sourcecode.swift; path = Game.swift; sourceTree = "<group>"; };
		672EFD6C1C10A1D700E7E463 /* GameStatsDetailTableViewController.swift */ = {isa = PBXFileReference; fileEncoding = 4; lastKnownFileType = sourcecode.swift; path = GameStatsDetailTableViewController.swift; sourceTree = "<group>"; };
		6741FFC01C07AA3D004F3950 /* TextGameEngine.swift */ = {isa = PBXFileReference; fileEncoding = 4; lastKnownFileType = sourcecode.swift; path = TextGameEngine.swift; sourceTree = "<group>"; };
		6741FFC41C07CDCC004F3950 /* GameStatsViewController.swift */ = {isa = PBXFileReference; fileEncoding = 4; lastKnownFileType = sourcecode.swift; path = GameStatsViewController.swift; sourceTree = "<group>"; };
		679AFB2D1C041BE8000355BF /* SKScrollingNode.swift */ = {isa = PBXFileReference; fileEncoding = 4; lastKnownFileType = sourcecode.swift; path = SKScrollingNode.swift; sourceTree = "<group>"; };
		679CFC681C03E4380092460C /* InitialViewController.swift */ = {isa = PBXFileReference; fileEncoding = 4; lastKnownFileType = sourcecode.swift; path = InitialViewController.swift; sourceTree = "<group>"; };
		679CFC6A1C03E60C0092460C /* ApplicationDefinitions.swift */ = {isa = PBXFileReference; fileEncoding = 4; lastKnownFileType = sourcecode.swift; path = ApplicationDefinitions.swift; sourceTree = "<group>"; };
		679CFC6C1C03ECD40092460C /* AppDelegate.swift */ = {isa = PBXFileReference; fileEncoding = 4; lastKnownFileType = sourcecode.swift; path = AppDelegate.swift; sourceTree = "<group>"; };
		679CFC6F1C03EDFA0092460C /* Launch Screen.storyboard */ = {isa = PBXFileReference; fileEncoding = 4; lastKnownFileType = file.storyboard; path = "Launch Screen.storyboard"; sourceTree = "<group>"; };
		679CFCAF1C03EFEE0092460C /* InitialViewSKScene.swift */ = {isa = PBXFileReference; fileEncoding = 4; lastKnownFileType = sourcecode.swift; path = InitialViewSKScene.swift; sourceTree = "<group>"; };
		67A84A571C054BBF00D14418 /* TextGameModel.swift */ = {isa = PBXFileReference; fileEncoding = 4; lastKnownFileType = sourcecode.swift; path = TextGameModel.swift; sourceTree = "<group>"; };
		67B352AC1C04C44C00353095 /* GameViewController.swift */ = {isa = PBXFileReference; fileEncoding = 4; lastKnownFileType = sourcecode.swift; path = GameViewController.swift; sourceTree = "<group>"; };
		67E38E371BF4467100B1F47A /* Main.storyboard */ = {isa = PBXFileReference; fileEncoding = 4; lastKnownFileType = file.storyboard; path = Main.storyboard; sourceTree = "<group>"; };
/* End PBXFileReference section */

/* Begin PBXFrameworksBuildPhase section */
		03CBFCAF190644B80071BFA6 /* Frameworks */ = {
			isa = PBXFrameworksBuildPhase;
			buildActionMask = 2147483647;
			files = (
				679CFCAE1C03EFB50092460C /* iAd.framework in Frameworks */,
			);
			runOnlyForDeploymentPostprocessing = 0;
		};
/* End PBXFrameworksBuildPhase section */

/* Begin PBXGroup section */
		03B15DDE1929BF2100E7ADD8 /* SKScene */ = {
			isa = PBXGroup;
			children = (
				03FF6D64193D748D00CD9B9D /* iPhoneGameScene.h */,
				03FF6D65193D748D00CD9B9D /* iPhoneGameScene.m */,
				03342E27192711B5009C6A55 /* WordsScene.h */,
				03342E28192711B5009C6A55 /* WordsScene.m */,
				03B15DDF1929BF6D00E7ADD8 /* SKScrollingNode.h */,
				03B15DE01929BF6D00E7ADD8 /* SKScrollingNode.m */,
			);
			name = SKScene;
			sourceTree = "<group>";
		};
		03CBFCA9190644B80071BFA6 = {
			isa = PBXGroup;
			children = (
				670C715C1C08D64700F68E62 /* DataLayer */,
				67B352A61C04BF6A00353095 /* Presentation */,
				03B15DDE1929BF2100E7ADD8 /* SKScene */,
				03CBFCEC190645290071BFA6 /* Storyboards */,
				03CBFCF01906455A0071BFA6 /* View Controllers */,
				03CBFCF419064B160071BFA6 /* Model */,
				03CBFCBD190644B90071BFA6 /* Flappy Typing Test */,
				03CBFCB4190644B90071BFA6 /* Frameworks */,
				03CBFCB3190644B90071BFA6 /* Products */,
			);
			sourceTree = "<group>";
		};
		03CBFCB3190644B90071BFA6 /* Products */ = {
			isa = PBXGroup;
			children = (
				03CBFCB2190644B90071BFA6 /* Flappy Typing Test.app */,
			);
			name = Products;
			sourceTree = "<group>";
		};
		03CBFCB4190644B90071BFA6 /* Frameworks */ = {
			isa = PBXGroup;
			children = (
				038B28A31912BD280074D28F /* iAd.framework */,
			);
			name = Frameworks;
			sourceTree = "<group>";
		};
		03CBFCBD190644B90071BFA6 /* Flappy Typing Test */ = {
			isa = PBXGroup;
			children = (
				03CBFCC6190644B90071BFA6 /* FlappyTypeAppDelegate.h */,
				679CFC6C1C03ECD40092460C /* AppDelegate.swift */,
				03CBFCC7190644B90071BFA6 /* FlappyTypeAppDelegate.m */,
				03CBFCCC190644B90071BFA6 /* Images.xcassets */,
				03CBFCBE190644B90071BFA6 /* Supporting Files */,
			);
			path = "Flappy Typing Test";
			sourceTree = "<group>";
		};
		03CBFCBE190644B90071BFA6 /* Supporting Files */ = {
			isa = PBXGroup;
			children = (
				679CFC6F1C03EDFA0092460C /* Launch Screen.storyboard */,
				679CFC6A1C03E60C0092460C /* ApplicationDefinitions.swift */,
				031C3E051910587E0065A986 /* sfx_point.mp3 */,
				031C3E011910586C0065A986 /* sfx_die.mp3 */,
				031C3E03191058730065A986 /* sfx_hit.mp3 */,
				031C3E07191058860065A986 /* sfx_wing.mp3 */,
				03DA8E84190A00EE00C7CC55 /* 04B_19__.TTF */,
				03CBFCBF190644B90071BFA6 /* Flappy Typing Test-Info.plist */,
				03CBFCC0190644B90071BFA6 /* InfoPlist.strings */,
				03CBFCC5190644B90071BFA6 /* Flappy Typing Test-Prefix.pch */,
			);
			name = "Supporting Files";
			sourceTree = "<group>";
		};
		03CBFCEC190645290071BFA6 /* Storyboards */ = {
			isa = PBXGroup;
			children = (
				67E38E371BF4467100B1F47A /* Main.storyboard */,
				03EC815E19229AA900B7BB58 /* iPad.storyboard */,
				03CBFCEA1906450C0071BFA6 /* iPhone_Main.storyboard */,
			);
			name = Storyboards;
			sourceTree = "<group>";
		};
		03CBFCF01906455A0071BFA6 /* View Controllers */ = {
			isa = PBXGroup;
			children = (
				03063BAC191449E0006E1923 /* ScoresTableViewController.h */,
				03063BAD191449E0006E1923 /* ScoresTableViewController.m */,
				03063BA9191449A5006E1923 /* GameRulesViewController.h */,
				03063BAA191449A5006E1923 /* GameRulesViewController.m */,
				03DA8E86190B47E100C7CC55 /* initialViewController.h */,
				03DA8E87190B47E100C7CC55 /* initialViewController.m */,
				03CBFCED190645550071BFA6 /* FlappyTypeGameViewController.h */,
				03CBFCEE190645550071BFA6 /* FlappyTypeGameViewController.m */,
				038B28A51912BD720074D28F /* EndGameViewController.h */,
				038B28A61912BD720074D28F /* EndGameViewController.m */,
			);
			name = "View Controllers";
			sourceTree = "<group>";
		};
		03CBFCF419064B160071BFA6 /* Model */ = {
			isa = PBXGroup;
			children = (
				03CBFCF119064AD50071BFA6 /* TextComparison.h */,
				03CBFCF219064AD60071BFA6 /* TextComparison.m */,
				67A84A571C054BBF00D14418 /* TextGameModel.swift */,
				6741FFC01C07AA3D004F3950 /* TextGameEngine.swift */,
			);
			name = Model;
			sourceTree = "<group>";
		};
		670C715C1C08D64700F68E62 /* DataLayer */ = {
			isa = PBXGroup;
			children = (
				670C715D1C08D65600F68E62 /* NSManagedObjects */,
				03CBFCC9190644B90071BFA6 /* Flappy_Typing_Test.xcdatamodeld */,
			);
			name = DataLayer;
			sourceTree = "<group>";
		};
		670C715D1C08D65600F68E62 /* NSManagedObjects */ = {
			isa = PBXGroup;
			children = (
				670C715E1C08D6B500F68E62 /* Statistic+CoreDataProperties.swift */,
				670C715F1C08D6B500F68E62 /* Statistic.swift */,
				670C71601C08D6B500F68E62 /* Game+CoreDataProperties.swift */,
				670C71611C08D6B500F68E62 /* Game.swift */,
			);
			name = NSManagedObjects;
			sourceTree = "<group>";
		};
		6741FFC21C07CD9F004F3950 /* Game Stats View */ = {
			isa = PBXGroup;
			children = (
				6741FFC31C07CDAD004F3950 /* Controller */,
			);
			name = "Game Stats View";
			sourceTree = "<group>";
		};
		6741FFC31C07CDAD004F3950 /* Controller */ = {
			isa = PBXGroup;
			children = (
				6741FFC41C07CDCC004F3950 /* GameStatsViewController.swift */,
				672EFD6C1C10A1D700E7E463 /* GameStatsDetailTableViewController.swift */,
			);
			name = Controller;
			sourceTree = "<group>";
		};
		67B352A61C04BF6A00353095 /* Presentation */ = {
			isa = PBXGroup;
			children = (
				679AFB2D1C041BE8000355BF /* SKScrollingNode.swift */,
				6741FFC21C07CD9F004F3950 /* Game Stats View */,
				67B352AA1C04C41900353095 /* Game View */,
				67B352A71C04BF7C00353095 /* Initial View */,
			);
			name = Presentation;
			sourceTree = "<group>";
		};
		67B352A71C04BF7C00353095 /* Initial View */ = {
			isa = PBXGroup;
			children = (
				67B352A91C04BF8E00353095 /* SKScene */,
				67B352A81C04BF8700353095 /* Controller */,
			);
			name = "Initial View";
			sourceTree = "<group>";
		};
		67B352A81C04BF8700353095 /* Controller */ = {
			isa = PBXGroup;
			children = (
				679CFC681C03E4380092460C /* InitialViewController.swift */,
			);
			name = Controller;
			sourceTree = "<group>";
		};
		67B352A91C04BF8E00353095 /* SKScene */ = {
			isa = PBXGroup;
			children = (
				679CFCAF1C03EFEE0092460C /* InitialViewSKScene.swift */,
			);
			name = SKScene;
			sourceTree = "<group>";
		};
		67B352AA1C04C41900353095 /* Game View */ = {
			isa = PBXGroup;
			children = (
				67B352AB1C04C43000353095 /* Controller */,
			);
			name = "Game View";
			sourceTree = "<group>";
		};
		67B352AB1C04C43000353095 /* Controller */ = {
			isa = PBXGroup;
			children = (
				67B352AC1C04C44C00353095 /* GameViewController.swift */,
			);
			name = Controller;
			sourceTree = "<group>";
		};
/* End PBXGroup section */

/* Begin PBXNativeTarget section */
		03CBFCB1190644B80071BFA6 /* Flappy Typing Test */ = {
			isa = PBXNativeTarget;
			buildConfigurationList = 03CBFCE4190644B90071BFA6 /* Build configuration list for PBXNativeTarget "Flappy Typing Test" */;
			buildPhases = (
				03CBFCAE190644B80071BFA6 /* Sources */,
				03CBFCAF190644B80071BFA6 /* Frameworks */,
				03CBFCB0190644B80071BFA6 /* Resources */,
			);
			buildRules = (
			);
			dependencies = (
			);
			name = "Flappy Typing Test";
			productName = "Flappy Typing Test";
			productReference = 03CBFCB2190644B90071BFA6 /* Flappy Typing Test.app */;
			productType = "com.apple.product-type.application";
		};
/* End PBXNativeTarget section */

/* Begin PBXProject section */
		03CBFCAA190644B80071BFA6 /* Project object */ = {
			isa = PBXProject;
			attributes = {
				CLASSPREFIX = FlappyType;
				LastSwiftUpdateCheck = 0710;
				LastUpgradeCheck = 0710;
				ORGANIZATIONNAME = "Joshua Alvarado";
				TargetAttributes = {
					03CBFCB1190644B80071BFA6 = {
						DevelopmentTeam = 39WG57SP6D;
						SystemCapabilities = {
							com.apple.GameCenter = {
								enabled = 1;
							};
						};
					};
				};
			};
			buildConfigurationList = 03CBFCAD190644B80071BFA6 /* Build configuration list for PBXProject "Flappy Typing Test" */;
			compatibilityVersion = "Xcode 6.3";
			developmentRegion = English;
			hasScannedForEncodings = 0;
			knownRegions = (
				en,
			);
			mainGroup = 03CBFCA9190644B80071BFA6;
			productRefGroup = 03CBFCB3190644B90071BFA6 /* Products */;
			projectDirPath = "";
			projectRoot = "";
			targets = (
				03CBFCB1190644B80071BFA6 /* Flappy Typing Test */,
			);
		};
/* End PBXProject section */

/* Begin PBXResourcesBuildPhase section */
		03CBFCB0190644B80071BFA6 /* Resources */ = {
			isa = PBXResourcesBuildPhase;
			buildActionMask = 2147483647;
			files = (
				031C3E061910587E0065A986 /* sfx_point.mp3 in Resources */,
				67E38E381BF4467100B1F47A /* Main.storyboard in Resources */,
				031C3E021910586C0065A986 /* sfx_die.mp3 in Resources */,
				679CFC701C03EDFA0092460C /* Launch Screen.storyboard in Resources */,
				03CBFCC2190644B90071BFA6 /* InfoPlist.strings in Resources */,
				031C3E04191058730065A986 /* sfx_hit.mp3 in Resources */,
				03DA8E85190A00EE00C7CC55 /* 04B_19__.TTF in Resources */,
				03CBFCCD190644B90071BFA6 /* Images.xcassets in Resources */,
				031C3E08191058860065A986 /* sfx_wing.mp3 in Resources */,
			);
			runOnlyForDeploymentPostprocessing = 0;
		};
/* End PBXResourcesBuildPhase section */

/* Begin PBXSourcesBuildPhase section */
		03CBFCAE190644B80071BFA6 /* Sources */ = {
			isa = PBXSourcesBuildPhase;
			buildActionMask = 2147483647;
			files = (
				03063BAB191449A5006E1923 /* GameRulesViewController.m in Sources */,
				679CFC6B1C03E60C0092460C /* ApplicationDefinitions.swift in Sources */,
				679CFC691C03E4380092460C /* InitialViewController.swift in Sources */,
				679CFC6E1C03ECFE0092460C /* AppDelegate.swift in Sources */,
				03063BAE191449E0006E1923 /* ScoresTableViewController.m in Sources */,
				670C71641C08D6B500F68E62 /* Game+CoreDataProperties.swift in Sources */,
				03B15DE11929BF6D00E7ADD8 /* SKScrollingNode.m in Sources */,
				670C71631C08D6B500F68E62 /* Statistic.swift in Sources */,
				6741FFC11C07AA3D004F3950 /* TextGameEngine.swift in Sources */,
				03CBFCEF190645550071BFA6 /* FlappyTypeGameViewController.m in Sources */,
				670C71621C08D6B500F68E62 /* Statistic+CoreDataProperties.swift in Sources */,
				03DA8E88190B47E100C7CC55 /* initialViewController.m in Sources */,
				679CFCB01C03EFEE0092460C /* InitialViewSKScene.swift in Sources */,
				679AFB2E1C041BE8000355BF /* SKScrollingNode.swift in Sources */,
				672EFD6D1C10A1D700E7E463 /* GameStatsDetailTableViewController.swift in Sources */,
				03342E29192711B5009C6A55 /* WordsScene.m in Sources */,
				03CBFCCB190644B90071BFA6 /* Flappy_Typing_Test.xcdatamodeld in Sources */,
				67B352AD1C04C44C00353095 /* GameViewController.swift in Sources */,
				67A84A581C054BBF00D14418 /* TextGameModel.swift in Sources */,
				6741FFC51C07CDCC004F3950 /* GameStatsViewController.swift in Sources */,
				03FF6D66193D748D00CD9B9D /* iPhoneGameScene.m in Sources */,
				03CBFCF319064AD60071BFA6 /* TextComparison.m in Sources */,
				038B28A71912BD720074D28F /* EndGameViewController.m in Sources */,
				670C71651C08D6B500F68E62 /* Game.swift in Sources */,
			);
			runOnlyForDeploymentPostprocessing = 0;
		};
/* End PBXSourcesBuildPhase section */

/* Begin PBXVariantGroup section */
		03CBFCC0190644B90071BFA6 /* InfoPlist.strings */ = {
			isa = PBXVariantGroup;
			children = (
				03CBFCC1190644B90071BFA6 /* en */,
			);
			name = InfoPlist.strings;
			sourceTree = "<group>";
		};
/* End PBXVariantGroup section */

/* Begin XCBuildConfiguration section */
		03CBFCE2190644B90071BFA6 /* Debug */ = {
			isa = XCBuildConfiguration;
			buildSettings = {
				ALWAYS_SEARCH_USER_PATHS = NO;
				CLANG_CXX_LANGUAGE_STANDARD = "gnu++0x";
				CLANG_CXX_LIBRARY = "libc++";
				CLANG_ENABLE_MODULES = YES;
				CLANG_ENABLE_OBJC_ARC = YES;
				CLANG_WARN_BOOL_CONVERSION = YES;
				CLANG_WARN_CONSTANT_CONVERSION = YES;
				CLANG_WARN_DIRECT_OBJC_ISA_USAGE = YES_ERROR;
				CLANG_WARN_EMPTY_BODY = YES;
				CLANG_WARN_ENUM_CONVERSION = YES;
				CLANG_WARN_INT_CONVERSION = YES;
				CLANG_WARN_OBJC_ROOT_CLASS = YES_ERROR;
				CLANG_WARN__DUPLICATE_METHOD_MATCH = YES;
				"CODE_SIGN_IDENTITY[sdk=iphoneos*]" = "iPhone Developer";
				COPY_PHASE_STRIP = NO;
				ENABLE_TESTABILITY = YES;
				GCC_C_LANGUAGE_STANDARD = gnu99;
				GCC_DYNAMIC_NO_PIC = NO;
				GCC_OPTIMIZATION_LEVEL = 0;
				GCC_PREPROCESSOR_DEFINITIONS = (
					"DEBUG=1",
					"$(inherited)",
				);
				GCC_SYMBOLS_PRIVATE_EXTERN = NO;
				GCC_WARN_64_TO_32_BIT_CONVERSION = YES;
				GCC_WARN_ABOUT_RETURN_TYPE = YES_ERROR;
				GCC_WARN_UNDECLARED_SELECTOR = YES;
				GCC_WARN_UNINITIALIZED_AUTOS = YES_AGGRESSIVE;
				GCC_WARN_UNUSED_FUNCTION = YES;
				GCC_WARN_UNUSED_VARIABLE = YES;
				IPHONEOS_DEPLOYMENT_TARGET = 7.0;
				ONLY_ACTIVE_ARCH = YES;
				SDKROOT = iphoneos;
				TARGETED_DEVICE_FAMILY = "1,2";
			};
			name = Debug;
		};
		03CBFCE3190644B90071BFA6 /* Release */ = {
			isa = XCBuildConfiguration;
			buildSettings = {
				ALWAYS_SEARCH_USER_PATHS = NO;
				CLANG_CXX_LANGUAGE_STANDARD = "gnu++0x";
				CLANG_CXX_LIBRARY = "libc++";
				CLANG_ENABLE_MODULES = YES;
				CLANG_ENABLE_OBJC_ARC = YES;
				CLANG_WARN_BOOL_CONVERSION = YES;
				CLANG_WARN_CONSTANT_CONVERSION = YES;
				CLANG_WARN_DIRECT_OBJC_ISA_USAGE = YES_ERROR;
				CLANG_WARN_EMPTY_BODY = YES;
				CLANG_WARN_ENUM_CONVERSION = YES;
				CLANG_WARN_INT_CONVERSION = YES;
				CLANG_WARN_OBJC_ROOT_CLASS = YES_ERROR;
				CLANG_WARN__DUPLICATE_METHOD_MATCH = YES;
				"CODE_SIGN_IDENTITY[sdk=iphoneos*]" = "iPhone Developer";
				COPY_PHASE_STRIP = YES;
				ENABLE_NS_ASSERTIONS = NO;
				GCC_C_LANGUAGE_STANDARD = gnu99;
				GCC_WARN_64_TO_32_BIT_CONVERSION = YES;
				GCC_WARN_ABOUT_RETURN_TYPE = YES_ERROR;
				GCC_WARN_UNDECLARED_SELECTOR = YES;
				GCC_WARN_UNINITIALIZED_AUTOS = YES_AGGRESSIVE;
				GCC_WARN_UNUSED_FUNCTION = YES;
				GCC_WARN_UNUSED_VARIABLE = YES;
				IPHONEOS_DEPLOYMENT_TARGET = 7.0;
				SDKROOT = iphoneos;
				TARGETED_DEVICE_FAMILY = "1,2";
				VALIDATE_PRODUCT = YES;
			};
			name = Release;
		};
		03CBFCE5190644B90071BFA6 /* Debug */ = {
			isa = XCBuildConfiguration;
			buildSettings = {
				ASSETCATALOG_COMPILER_APPICON_NAME = AppIcon;
				ASSETCATALOG_COMPILER_LAUNCHIMAGE_NAME = LaunchImage;
				CLANG_ENABLE_MODULES = YES;
				CODE_SIGN_IDENTITY = "iPhone Developer";
				"CODE_SIGN_IDENTITY[sdk=iphoneos*]" = "iPhone Developer";
				GCC_PRECOMPILE_PREFIX_HEADER = YES;
				GCC_PREFIX_HEADER = "Flappy Typing Test/Flappy Typing Test-Prefix.pch";
				INFOPLIST_FILE = "Flappy Typing Test/Flappy Typing Test-Info.plist";
				IPHONEOS_DEPLOYMENT_TARGET = 7.0;
				LD_RUNPATH_SEARCH_PATHS = "$(inherited) @executable_path/Frameworks";
				New_Setting = "";
				PRODUCT_BUNDLE_IDENTIFIER = "edu.self.${PRODUCT_NAME:rfc1034identifier}";
				PRODUCT_NAME = "$(TARGET_NAME)";
				PROVISIONING_PROFILE = "";
				SWIFT_OPTIMIZATION_LEVEL = "-Onone";
				TARGETED_DEVICE_FAMILY = "1,2";
				WRAPPER_EXTENSION = app;
			};
			name = Debug;
		};
		03CBFCE6190644B90071BFA6 /* Release */ = {
			isa = XCBuildConfiguration;
			buildSettings = {
				ASSETCATALOG_COMPILER_APPICON_NAME = AppIcon;
				ASSETCATALOG_COMPILER_LAUNCHIMAGE_NAME = LaunchImage;
				CLANG_ENABLE_MODULES = YES;
				CODE_SIGN_IDENTITY = "iPhone Developer";
				"CODE_SIGN_IDENTITY[sdk=iphoneos*]" = "iPhone Developer";
				GCC_PRECOMPILE_PREFIX_HEADER = YES;
				GCC_PREFIX_HEADER = "Flappy Typing Test/Flappy Typing Test-Prefix.pch";
				INFOPLIST_FILE = "Flappy Typing Test/Flappy Typing Test-Info.plist";
				IPHONEOS_DEPLOYMENT_TARGET = 7.0;
				LD_RUNPATH_SEARCH_PATHS = "$(inherited) @executable_path/Frameworks";
				New_Setting = "";
				PRODUCT_BUNDLE_IDENTIFIER = "edu.self.${PRODUCT_NAME:rfc1034identifier}";
				PRODUCT_NAME = "$(TARGET_NAME)";
				PROVISIONING_PROFILE = "";
				TARGETED_DEVICE_FAMILY = "1,2";
				WRAPPER_EXTENSION = app;
			};
			name = Release;
		};
/* End XCBuildConfiguration section */

/* Begin XCConfigurationList section */
		03CBFCAD190644B80071BFA6 /* Build configuration list for PBXProject "Flappy Typing Test" */ = {
			isa = XCConfigurationList;
			buildConfigurations = (
				03CBFCE2190644B90071BFA6 /* Debug */,
				03CBFCE3190644B90071BFA6 /* Release */,
			);
			defaultConfigurationIsVisible = 0;
			defaultConfigurationName = Release;
		};
		03CBFCE4190644B90071BFA6 /* Build configuration list for PBXNativeTarget "Flappy Typing Test" */ = {
			isa = XCConfigurationList;
			buildConfigurations = (
				03CBFCE5190644B90071BFA6 /* Debug */,
				03CBFCE6190644B90071BFA6 /* Release */,
			);
			defaultConfigurationIsVisible = 0;
			defaultConfigurationName = Release;
		};
/* End XCConfigurationList section */

/* Begin XCVersionGroup section */
		03CBFCC9190644B90071BFA6 /* Flappy_Typing_Test.xcdatamodeld */ = {
			isa = XCVersionGroup;
			children = (
				03CBFCCA190644B90071BFA6 /* Flappy_Typing_Test.xcdatamodel */,
			);
			currentVersion = 03CBFCCA190644B90071BFA6 /* Flappy_Typing_Test.xcdatamodel */;
			name = Flappy_Typing_Test.xcdatamodeld;
			path = "Flappy Typing Test/Flappy_Typing_Test.xcdatamodeld";
			sourceTree = "<group>";
			versionGroupType = wrapper.xcdatamodel;
		};
/* End XCVersionGroup section */
	};
	rootObject = 03CBFCAA190644B80071BFA6 /* Project object */;
}
